# THIS IS AN AUTOGENERATED FILE. DO NOT EDIT THIS FILE DIRECTLY.
# yarn lockfile v1


react-native-linear-gradient@^2.6.2:
  version "2.6.2"
  resolved "https://registry.npmjs.org/react-native-linear-gradient/-/react-native-linear-gradient-2.6.2.tgz"
  integrity sha512-Z8Xxvupsex+9BBFoSYS87bilNPWcRfRsGC0cpJk72Nxb5p2nEkGSBv73xZbEHnW2mUFvP+huYxrVvjZkr/gRjQ==
